
Microsoft Visual Studio Solution File, Format Version 12.00
# Visual Studio Version 17
VisualStudioVersion = 17.14.36127.28
MinimumVisualStudioVersion = 10.0.40219.1
Project("{8BC9CEB8-8B4A-11D0-8D11-00A0C91BC942}") = "qlogicae_plotica", "qlogicae_plotica\qlogicae_plotica.vcxproj", "{BD70CBB4-BA38-4F14-AA9A-8C501C946245}"
	ProjectSection(ProjectDependencies) = postProject
		{07F44EB2-776B-4BB0-B462-589523A3D3F3} = {07F44EB2-776B-4BB0-B462-589523A3D3F3}
	EndProjectSection
EndProject
Project("{8BC9CEB8-8B4A-11D0-8D11-00A0C91BC942}") = "qlogicae_core", "..\qlogicae_core\qlogicae_core\qlogicae_core.vcxproj", "{07F44EB2-776B-4BB0-B462-589523A3D3F3}"
EndProject
Project("{8BC9CEB8-8B4A-11D0-8D11-00A0C91BC942}") = "qlogicae_plotica_test", "qlogicae_plotica_test\qlogicae_plotica_test.vcxproj", "{DBA06CA4-529B-4C7D-98DE-91218CFCC360}"
	ProjectSection(ProjectDependencies) = postProject
		{07F44EB2-776B-4BB0-B462-589523A3D3F3} = {07F44EB2-776B-4BB0-B462-589523A3D3F3}
	EndProjectSection
EndProject
Project("{8BC9CEB8-8B4A-11D0-8D11-00A0C91BC942}") = "qlogicae_plotica_sandbox", "qlogicae_plotica_sandbox\qlogicae_plotica_sandbox.vcxproj", "{814EAEE7-535F-4A46-B9A2-C6B2EC6AD9B4}"
	ProjectSection(ProjectDependencies) = postProject
		{07F44EB2-776B-4BB0-B462-589523A3D3F3} = {07F44EB2-776B-4BB0-B462-589523A3D3F3}
		{BD70CBB4-BA38-4F14-AA9A-8C501C946245} = {BD70CBB4-BA38-4F14-AA9A-8C501C946245}
	EndProjectSection
EndProject
Global
	GlobalSection(SolutionConfigurationPlatforms) = preSolution
		Debug|x64 = Debug|x64
		Debug|x86 = Debug|x86
		Release|x64 = Release|x64
		Release|x86 = Release|x86
	EndGlobalSection
	GlobalSection(ProjectConfigurationPlatforms) = postSolution
		{BD70CBB4-BA38-4F14-AA9A-8C501C946245}.Debug|x64.ActiveCfg = Debug|x64
		{BD70CBB4-BA38-4F14-AA9A-8C501C946245}.Debug|x64.Build.0 = Debug|x64
		{BD70CBB4-BA38-4F14-AA9A-8C501C946245}.Debug|x86.ActiveCfg = Debug|Win32
		{BD70CBB4-BA38-4F14-AA9A-8C501C946245}.Debug|x86.Build.0 = Debug|Win32
		{BD70CBB4-BA38-4F14-AA9A-8C501C946245}.Release|x64.ActiveCfg = Release|x64
		{BD70CBB4-BA38-4F14-AA9A-8C501C946245}.Release|x64.Build.0 = Release|x64
		{BD70CBB4-BA38-4F14-AA9A-8C501C946245}.Release|x86.ActiveCfg = Release|Win32
		{BD70CBB4-BA38-4F14-AA9A-8C501C946245}.Release|x86.Build.0 = Release|Win32
		{07F44EB2-776B-4BB0-B462-589523A3D3F3}.Debug|x64.ActiveCfg = Debug|x64
		{07F44EB2-776B-4BB0-B462-589523A3D3F3}.Debug|x64.Build.0 = Debug|x64
		{07F44EB2-776B-4BB0-B462-589523A3D3F3}.Debug|x86.ActiveCfg = Debug|Win32
		{07F44EB2-776B-4BB0-B462-589523A3D3F3}.Debug|x86.Build.0 = Debug|Win32
		{07F44EB2-776B-4BB0-B462-589523A3D3F3}.Release|x64.ActiveCfg = Release|x64
		{07F44EB2-776B-4BB0-B462-589523A3D3F3}.Release|x64.Build.0 = Release|x64
		{07F44EB2-776B-4BB0-B462-589523A3D3F3}.Release|x86.ActiveCfg = Release|Win32
		{07F44EB2-776B-4BB0-B462-589523A3D3F3}.Release|x86.Build.0 = Release|Win32
		{DBA06CA4-529B-4C7D-98DE-91218CFCC360}.Debug|x64.ActiveCfg = Debug|x64
		{DBA06CA4-529B-4C7D-98DE-91218CFCC360}.Debug|x64.Build.0 = Debug|x64
		{DBA06CA4-529B-4C7D-98DE-91218CFCC360}.Debug|x86.ActiveCfg = Debug|Win32
		{DBA06CA4-529B-4C7D-98DE-91218CFCC360}.Debug|x86.Build.0 = Debug|Win32
		{DBA06CA4-529B-4C7D-98DE-91218CFCC360}.Release|x64.ActiveCfg = Release|x64
		{DBA06CA4-529B-4C7D-98DE-91218CFCC360}.Release|x64.Build.0 = Release|x64
		{DBA06CA4-529B-4C7D-98DE-91218CFCC360}.Release|x86.ActiveCfg = Release|Win32
		{DBA06CA4-529B-4C7D-98DE-91218CFCC360}.Release|x86.Build.0 = Release|Win32
		{814EAEE7-535F-4A46-B9A2-C6B2EC6AD9B4}.Debug|x64.ActiveCfg = Debug|x64
		{814EAEE7-535F-4A46-B9A2-C6B2EC6AD9B4}.Debug|x64.Build.0 = Debug|x64
		{814EAEE7-535F-4A46-B9A2-C6B2EC6AD9B4}.Debug|x86.ActiveCfg = Debug|Win32
		{814EAEE7-535F-4A46-B9A2-C6B2EC6AD9B4}.Debug|x86.Build.0 = Debug|Win32
		{814EAEE7-535F-4A46-B9A2-C6B2EC6AD9B4}.Release|x64.ActiveCfg = Release|x64
		{814EAEE7-535F-4A46-B9A2-C6B2EC6AD9B4}.Release|x64.Build.0 = Release|x64
		{814EAEE7-535F-4A46-B9A2-C6B2EC6AD9B4}.Release|x86.ActiveCfg = Release|Win32
		{814EAEE7-535F-4A46-B9A2-C6B2EC6AD9B4}.Release|x86.Build.0 = Release|Win32
	EndGlobalSection
	GlobalSection(SolutionProperties) = preSolution
		HideSolutionNode = FALSE
	EndGlobalSection
	GlobalSection(ExtensibilityGlobals) = postSolution
		SolutionGuid = {921068C5-1898-44AD-B77D-EAB28B7962DB}
	EndGlobalSection
EndGlobal
